
Microsoft Visual Studio Solution File, Format Version 12.00
# Visual Studio Version 16
VisualStudioVersion = 16.0.30717.126
MinimumVisualStudioVersion = 10.0.40219.1
Project("{FAE04EC0-301F-11D3-BF4B-00C04F79EFBC}") = "TMS.Net07.Lesson1", "TMS.Net07.Lesson1.csproj", "{739A6E9B-284B-475D-924E-2EAE06A7836F}"
EndProject
Global
	GlobalSection(SolutionConfigurationPlatforms) = preSolution
		Debug|Any CPU = Debug|Any CPU
		Release|Any CPU = Release|Any CPU
	EndGlobalSection
	GlobalSection(ProjectConfigurationPlatforms) = postSolution
		{739A6E9B-284B-475D-924E-2EAE06A7836F}.Debug|Any CPU.ActiveCfg = Debug|Any CPU
		{739A6E9B-284B-475D-924E-2EAE06A7836F}.Debug|Any CPU.Build.0 = Debug|Any CPU
		{739A6E9B-284B-475D-924E-2EAE06A7836F}.Release|Any CPU.ActiveCfg = Release|Any CPU
		{739A6E9B-284B-475D-924E-2EAE06A7836F}.Release|Any CPU.Build.0 = Release|Any CPU
	EndGlobalSection
	GlobalSection(SolutionProperties) = preSolution
		HideSolutionNode = FALSE
	EndGlobalSection
	GlobalSection(ExtensibilityGlobals) = postSolution
		SolutionGuid = {CB94DF19-1429-4FB7-99EF-05AD2C207554}
	EndGlobalSection
EndGlobal
